
Microsoft Visual Studio Solution File, Format Version 12.00
# Visual Studio Version 17
VisualStudioVersion = 17.9.34723.18
MinimumVisualStudioVersion = 10.0.40219.1
Project("{FAE04EC0-301F-11D3-BF4B-00C04F79EFBC}") = "EasyReadsAPI", "EasyReadsAPI\EasyReadsAPI.csproj", "{324928C6-2B76-409A-A4FC-8DCF6D8644E2}"
EndProject
Project("{FAE04EC0-301F-11D3-BF4B-00C04F79EFBC}") = "EasyReadsBLL", "EasyReadsBLL\EasyReadsBLL.csproj", "{2BF1666E-7233-41E3-B247-1F4F78FE619F}"
EndProject
Project("{FAE04EC0-301F-11D3-BF4B-00C04F79EFBC}") = "EasyReadsDAL", "EasyReadsDAL\EasyReadsDAL.csproj", "{B1B9D0A0-1F6D-4538-A741-4BB465FE308B}"
EndProject
Global
	GlobalSection(SolutionConfigurationPlatforms) = preSolution
		Debug|Any CPU = Debug|Any CPU
		Release|Any CPU = Release|Any CPU
	EndGlobalSection
	GlobalSection(ProjectConfigurationPlatforms) = postSolution
		{324928C6-2B76-409A-A4FC-8DCF6D8644E2}.Debug|Any CPU.ActiveCfg = Debug|Any CPU
		{324928C6-2B76-409A-A4FC-8DCF6D8644E2}.Debug|Any CPU.Build.0 = Debug|Any CPU
		{324928C6-2B76-409A-A4FC-8DCF6D8644E2}.Release|Any CPU.ActiveCfg = Release|Any CPU
		{324928C6-2B76-409A-A4FC-8DCF6D8644E2}.Release|Any CPU.Build.0 = Release|Any CPU
		{2BF1666E-7233-41E3-B247-1F4F78FE619F}.Debug|Any CPU.ActiveCfg = Debug|Any CPU
		{2BF1666E-7233-41E3-B247-1F4F78FE619F}.Debug|Any CPU.Build.0 = Debug|Any CPU
		{2BF1666E-7233-41E3-B247-1F4F78FE619F}.Release|Any CPU.ActiveCfg = Release|Any CPU
		{2BF1666E-7233-41E3-B247-1F4F78FE619F}.Release|Any CPU.Build.0 = Release|Any CPU
		{B1B9D0A0-1F6D-4538-A741-4BB465FE308B}.Debug|Any CPU.ActiveCfg = Debug|Any CPU
		{B1B9D0A0-1F6D-4538-A741-4BB465FE308B}.Debug|Any CPU.Build.0 = Debug|Any CPU
		{B1B9D0A0-1F6D-4538-A741-4BB465FE308B}.Release|Any CPU.ActiveCfg = Release|Any CPU
		{B1B9D0A0-1F6D-4538-A741-4BB465FE308B}.Release|Any CPU.Build.0 = Release|Any CPU
	EndGlobalSection
	GlobalSection(SolutionProperties) = preSolution
		HideSolutionNode = FALSE
	EndGlobalSection
	GlobalSection(ExtensibilityGlobals) = postSolution
		SolutionGuid = {4A77A070-EACD-484F-AED5-5E918DBE7301}
	EndGlobalSection
EndGlobal
